
Microsoft Visual Studio Solution File, Format Version 12.00
# Visual Studio Version 16
VisualStudioVersion = 16.0.29209.62
MinimumVisualStudioVersion = 10.0.40219.1
Project("{FAE04EC0-301F-11D3-BF4B-00C04F79EFBC}") = "WebAppFSIS", "WebAppFSIS\WebAppFSIS.csproj", "{54BEDED9-D195-4786-9BB0-98BB2ED99802}"
EndProject
Project("{FAE04EC0-301F-11D3-BF4B-00C04F79EFBC}") = "FSISSystem", "FSISSystem\FSISSystem.csproj", "{CC005042-4981-4867-986F-8986CC34261A}"
EndProject
Global
	GlobalSection(SolutionConfigurationPlatforms) = preSolution
		Debug|Any CPU = Debug|Any CPU
		Release|Any CPU = Release|Any CPU
	EndGlobalSection
	GlobalSection(ProjectConfigurationPlatforms) = postSolution
		{54BEDED9-D195-4786-9BB0-98BB2ED99802}.Debug|Any CPU.ActiveCfg = Debug|Any CPU
		{54BEDED9-D195-4786-9BB0-98BB2ED99802}.Debug|Any CPU.Build.0 = Debug|Any CPU
		{54BEDED9-D195-4786-9BB0-98BB2ED99802}.Release|Any CPU.ActiveCfg = Release|Any CPU
		{54BEDED9-D195-4786-9BB0-98BB2ED99802}.Release|Any CPU.Build.0 = Release|Any CPU
		{CC005042-4981-4867-986F-8986CC34261A}.Debug|Any CPU.ActiveCfg = Debug|Any CPU
		{CC005042-4981-4867-986F-8986CC34261A}.Debug|Any CPU.Build.0 = Debug|Any CPU
		{CC005042-4981-4867-986F-8986CC34261A}.Release|Any CPU.ActiveCfg = Release|Any CPU
		{CC005042-4981-4867-986F-8986CC34261A}.Release|Any CPU.Build.0 = Release|Any CPU
	EndGlobalSection
	GlobalSection(SolutionProperties) = preSolution
		HideSolutionNode = FALSE
	EndGlobalSection
	GlobalSection(ExtensibilityGlobals) = postSolution
		SolutionGuid = {4685999A-9328-492B-9E6E-3CB4F2B46E96}
	EndGlobalSection
EndGlobal
